{
  "name": "temis-workflow",
  "version": "0.0.1",
  "lockfileVersion": 1,
  "requires": true,
  "dependencies": {
    "gojs": {
      "version": "1.8.16",
      "resolved": "https://registry.npmjs.org/gojs/-/gojs-1.8.16.tgz",
      "integrity": "sha512-kCLSHXE2zGAbocHHOEgmwklaHcM7/YRpVb0WnPtqa4AHu2c2cyAjx5RPI46uzN+E2DyWnKQAqD7FRYnzEm8hSA=="
    },
    "jquery": {
      "version": "2.2.4",
      "resolved": "https://registry.npmjs.org/jquery/-/jquery-2.2.4.tgz",
      "integrity": "sha1-LInWiJterFIqfuoywUUhVZxsvwI="
    }
  }
}
